github.com/dzello/reveal-hugo v0.0.0-20220224002855-eae99411d91a h1:qHXMoi8lo+F2w0ZFnsKTx5ov7Tkl/TjmGmmRb3POMH0=
github.com/dzello/reveal-hugo v0.0.0-20220224002855-eae99411d91a/go.mod h1:0S5eDEdHBx8tSj8veo9lUnuJRXa8WqmpANd0Lz7CLc8=
github.com/dzello/reveal-hugo v0.0.0-20221228063604-4c190e12065e h1:LQvRSfgRghe5G1hfIAgWA4HTSOWe7WysTp/j1PiNdwg=
github.com/dzello/reveal-hugo v0.0.0-20221228063604-4c190e12065e/go.mod h1:0S5eDEdHBx8tSj8veo9lUnuJRXa8WqmpANd0Lz7CLc8=
